{
  "requires": true,
  "lockfileVersion": 1,
  "dependencies": {
    "@ngrx/store": {
      "version": "7.0.0",
      "resolved": "https://registry.npmjs.org/@ngrx/store/-/store-7.0.0.tgz",
      "integrity": "sha512-fF4A4De/vtQawxGBc1jV5HiLrc/J3NS8A2UDRoD3kLdviDzAlAber6kuj5XmM+xxaI9f9qnUrwOVXr/oPfqoBg=="
    }
  }
}
